
Microsoft Visual Studio Solution File, Format Version 12.00
# Visual Studio Version 17
VisualStudioVersion = 17.11.35327.3
MinimumVisualStudioVersion = 10.0.40219.1
Project("{FAE04EC0-301F-11D3-BF4B-00C04F79EFBC}") = "Rently.API", "Rently.API\Rently.API.csproj", "{3A1C43EC-D864-42FC-824D-3B88DD09A2F1}"
EndProject
Global
	GlobalSection(SolutionConfigurationPlatforms) = preSolution
		Debug|Any CPU = Debug|Any CPU
		Release|Any CPU = Release|Any CPU
	EndGlobalSection
	GlobalSection(ProjectConfigurationPlatforms) = postSolution
		{3A1C43EC-D864-42FC-824D-3B88DD09A2F1}.Debug|Any CPU.ActiveCfg = Debug|Any CPU
		{3A1C43EC-D864-42FC-824D-3B88DD09A2F1}.Debug|Any CPU.Build.0 = Debug|Any CPU
		{3A1C43EC-D864-42FC-824D-3B88DD09A2F1}.Release|Any CPU.ActiveCfg = Release|Any CPU
		{3A1C43EC-D864-42FC-824D-3B88DD09A2F1}.Release|Any CPU.Build.0 = Release|Any CPU
	EndGlobalSection
	GlobalSection(SolutionProperties) = preSolution
		HideSolutionNode = FALSE
	EndGlobalSection
	GlobalSection(ExtensibilityGlobals) = postSolution
		SolutionGuid = {2E8C7520-FE86-4821-8185-A1C455335026}
	EndGlobalSection
EndGlobal
